{
  "version": 4,
  "terraform_version": "1.13.1",
  "serial": 1,
  "lineage": "9a53eec7-bece-03d3-0b4b-60ad70544c38",
  "outputs": {},
  "resources": [
    {
      "module": "module.rg_calling",
      "mode": "managed",
      "type": "azurerm_resource_group",
      "name": "rgname",
      "provider": "provider[\"registry.terraform.io/hashicorp/azurerm\"]",
      "instances": [
        {
          "schema_version": 0,
          "attributes": {
            "id": "/subscriptions/2c6da294-c904-4801-bffd-cd7f0b236e3d/resourceGroups/newrg",
            "location": "centralindia",
            "managed_by": "",
            "name": "newrg",
            "tags": null,
            "timeouts": null
          },
          "sensitive_attributes": [],
          "identity_schema_version": 0,
          "private": "eyJlMmJmYjczMC1lY2FhLTExZTYtOGY4OC0zNDM2M2JjN2M0YzAiOnsiY3JlYXRlIjo1NDAwMDAwMDAwMDAwLCJkZWxldGUiOjU0MDAwMDAwMDAwMDAsInJlYWQiOjMwMDAwMDAwMDAwMCwidXBkYXRlIjo1NDAwMDAwMDAwMDAwfX0="
        }
      ]
    }
  ],
  "check_results": null
}
